
Microsoft Visual Studio Solution File, Format Version 12.00
# Visual Studio Version 17
VisualStudioVersion = 17.8.34525.116
MinimumVisualStudioVersion = 10.0.40219.1
Project("{9A19103F-16F7-4668-BE54-9A1E7A4F7556}") = "Sender", "Sender.csproj", "{058C24AE-F7C5-4FCE-928A-6B9B59FD668A}"
EndProject
Global
	GlobalSection(SolutionConfigurationPlatforms) = preSolution
		Debug|Any CPU = Debug|Any CPU
		Release|Any CPU = Release|Any CPU
	EndGlobalSection
	GlobalSection(ProjectConfigurationPlatforms) = postSolution
		{058C24AE-F7C5-4FCE-928A-6B9B59FD668A}.Debug|Any CPU.ActiveCfg = Debug|Any CPU
		{058C24AE-F7C5-4FCE-928A-6B9B59FD668A}.Debug|Any CPU.Build.0 = Debug|Any CPU
		{058C24AE-F7C5-4FCE-928A-6B9B59FD668A}.Release|Any CPU.ActiveCfg = Release|Any CPU
		{058C24AE-F7C5-4FCE-928A-6B9B59FD668A}.Release|Any CPU.Build.0 = Release|Any CPU
	EndGlobalSection
	GlobalSection(SolutionProperties) = preSolution
		HideSolutionNode = FALSE
	EndGlobalSection
	GlobalSection(ExtensibilityGlobals) = postSolution
		SolutionGuid = {AC7BEE1E-57EF-4529-BD64-5BB7676009E8}
	EndGlobalSection
EndGlobal
